# This file is automatically @generated by Cargo.
# It is not intended for manual editing.
version = 4

[[package]]
name = "itinera"
version = "0.0.0"
dependencies = [
 "itinera-core",
 "itinera-macros",
]

[[package]]
name = "itinera-conformance"
version = "0.0.0"

[[package]]
name = "itinera-core"
version = "0.0.0"

[[package]]
name = "itinera-macros"
version = "0.0.0"
